// !$*UTF8*$!
{
	archiveVersion = 1;
	classes = {
	};
	objectVersion = 46;
	objects = {

/* Begin PBXBuildFile section */
		623B81221F15B6FC00A7498C /* AGTSimpleViewController.m in Sources */ = {isa = PBXBuildFile; fileRef = 623B81201F15B6FC00A7498C /* AGTSimpleViewController.m */; };
		623B81231F15B6FC00A7498C /* AGTSimpleViewController.xib in Resources */ = {isa = PBXBuildFile; fileRef = 623B81211F15B6FC00A7498C /* AGTSimpleViewController.xib */; };
		623B81261F15B72D00A7498C /* AGTControllersTests.m in Sources */ = {isa = PBXBuildFile; fileRef = 623B81251F15B72D00A7498C /* AGTControllersTests.m */; };
		623B81291F15BDD900A7498C /* AGTWalletTableViewController.m in Sources */ = {isa = PBXBuildFile; fileRef = 623B81281F15BDD900A7498C /* AGTWalletTableViewController.m */; };
		623B812C1F15C84800A7498C /* AGTNSNtificationCenterTests.m in Sources */ = {isa = PBXBuildFile; fileRef = 623B812B1F15C84800A7498C /* AGTNSNtificationCenterTests.m */; };
		623B812F1F15CB3C00A7498C /* AGTFakeNotificationCenter.m in Sources */ = {isa = PBXBuildFile; fileRef = 623B812E1F15CB3C00A7498C /* AGTFakeNotificationCenter.m */; };
		62D7EF091F106AB600771041 /* main.m in Sources */ = {isa = PBXBuildFile; fileRef = 62D7EF081F106AB600771041 /* main.m */; };
		62D7EF0C1F106AB600771041 /* AppDelegate.m in Sources */ = {isa = PBXBuildFile; fileRef = 62D7EF0B1F106AB600771041 /* AppDelegate.m */; };
		62D7EF141F106AB700771041 /* Assets.xcassets in Resources */ = {isa = PBXBuildFile; fileRef = 62D7EF131F106AB700771041 /* Assets.xcassets */; };
		62D7EF171F106AB700771041 /* LaunchScreen.storyboard in Resources */ = {isa = PBXBuildFile; fileRef = 62D7EF151F106AB700771041 /* LaunchScreen.storyboard */; };
		62D7EF3D1F141EC900771041 /* AGTMoney.m in Sources */ = {isa = PBXBuildFile; fileRef = 62D7EF3C1F141EC900771041 /* AGTMoney.m */; };
		62D7EF411F14318D00771041 /* NSObject+GNUStepAddones.m in Sources */ = {isa = PBXBuildFile; fileRef = 62D7EF401F14318D00771041 /* NSObject+GNUStepAddones.m */; };
		62D7EF431F14361400771041 /* AGTMoneyTest.m in Sources */ = {isa = PBXBuildFile; fileRef = 62D7EF421F14361400771041 /* AGTMoneyTest.m */; };
		62D7EF471F15489F00771041 /* AGTBrokerTests.m in Sources */ = {isa = PBXBuildFile; fileRef = 62D7EF461F15489F00771041 /* AGTBrokerTests.m */; };
		62D7EF4A1F154BD000771041 /* AGTBroker.m in Sources */ = {isa = PBXBuildFile; fileRef = 62D7EF491F154BD000771041 /* AGTBroker.m */; };
		62D7EF4C1F159BD900771041 /* AGTWalletTests.m in Sources */ = {isa = PBXBuildFile; fileRef = 62D7EF4B1F159BD900771041 /* AGTWalletTests.m */; };
		62D7EF4F1F159E7000771041 /* AGTWallet.m in Sources */ = {isa = PBXBuildFile; fileRef = 62D7EF4E1F159E7000771041 /* AGTWallet.m */; };
/* End PBXBuildFile section */

/* Begin PBXContainerItemProxy section */
		62D7EF1E1F106AB700771041 /* PBXContainerItemProxy */ = {
			isa = PBXContainerItemProxy;
			containerPortal = 62D7EEFC1F106AB600771041 /* Project object */;
			proxyType = 1;
			remoteGlobalIDString = 62D7EF031F106AB600771041;
			remoteInfo = Wallet;
		};
/* End PBXContainerItemProxy section */

/* Begin PBXFileReference section */
		623B811F1F15B6FC00A7498C /* AGTSimpleViewController.h */ = {isa = PBXFileReference; fileEncoding = 4; lastKnownFileType = sourcecode.c.h; path = AGTSimpleViewController.h; sourceTree = "<group>"; };
		623B81201F15B6FC00A7498C /* AGTSimpleViewController.m */ = {isa = PBXFileReference; fileEncoding = 4; lastKnownFileType = sourcecode.c.objc; path = AGTSimpleViewController.m; sourceTree = "<group>"; };
		623B81211F15B6FC00A7498C /* AGTSimpleViewController.xib */ = {isa = PBXFileReference; fileEncoding = 4; lastKnownFileType = file.xib; path = AGTSimpleViewController.xib; sourceTree = "<group>"; };
		623B81251F15B72D00A7498C /* AGTControllersTests.m */ = {isa = PBXFileReference; fileEncoding = 4; lastKnownFileType = sourcecode.c.objc; path = AGTControllersTests.m; sourceTree = "<group>"; };
		623B81271F15BDD900A7498C /* AGTWalletTableViewController.h */ = {isa = PBXFileReference; fileEncoding = 4; lastKnownFileType = sourcecode.c.h; path = AGTWalletTableViewController.h; sourceTree = "<group>"; };
		623B81281F15BDD900A7498C /* AGTWalletTableViewController.m */ = {isa = PBXFileReference; fileEncoding = 4; lastKnownFileType = sourcecode.c.objc; path = AGTWalletTableViewController.m; sourceTree = "<group>"; };
		623B812B1F15C84800A7498C /* AGTNSNtificationCenterTests.m */ = {isa = PBXFileReference; fileEncoding = 4; lastKnownFileType = sourcecode.c.objc; path = AGTNSNtificationCenterTests.m; sourceTree = "<group>"; };
		623B812D1F15CB3C00A7498C /* AGTFakeNotificationCenter.h */ = {isa = PBXFileReference; fileEncoding = 4; lastKnownFileType = sourcecode.c.h; path = AGTFakeNotificationCenter.h; sourceTree = "<group>"; };
		623B812E1F15CB3C00A7498C /* AGTFakeNotificationCenter.m */ = {isa = PBXFileReference; fileEncoding = 4; lastKnownFileType = sourcecode.c.objc; path = AGTFakeNotificationCenter.m; sourceTree = "<group>"; };
		62D7EF041F106AB600771041 /* Wallet.app */ = {isa = PBXFileReference; explicitFileType = wrapper.application; includeInIndex = 0; path = Wallet.app; sourceTree = BUILT_PRODUCTS_DIR; };
		62D7EF081F106AB600771041 /* main.m */ = {isa = PBXFileReference; lastKnownFileType = sourcecode.c.objc; path = main.m; sourceTree = "<group>"; };
		62D7EF0A1F106AB600771041 /* AppDelegate.h */ = {isa = PBXFileReference; lastKnownFileType = sourcecode.c.h; path = AppDelegate.h; sourceTree = "<group>"; };
		62D7EF0B1F106AB600771041 /* AppDelegate.m */ = {isa = PBXFileReference; lastKnownFileType = sourcecode.c.objc; path = AppDelegate.m; sourceTree = "<group>"; };
		62D7EF131F106AB700771041 /* Assets.xcassets */ = {isa = PBXFileReference; lastKnownFileType = folder.assetcatalog; path = Assets.xcassets; sourceTree = "<group>"; };
		62D7EF161F106AB700771041 /* Base */ = {isa = PBXFileReference; lastKnownFileType = file.storyboard; name = Base; path = Base.lproj/LaunchScreen.storyboard; sourceTree = "<group>"; };
		62D7EF181F106AB700771041 /* Info.plist */ = {isa = PBXFileReference; lastKnownFileType = text.plist.xml; path = Info.plist; sourceTree = "<group>"; };
		62D7EF1D1F106AB700771041 /* WalletTests.xctest */ = {isa = PBXFileReference; explicitFileType = wrapper.cfbundle; includeInIndex = 0; path = WalletTests.xctest; sourceTree = BUILT_PRODUCTS_DIR; };
		62D7EF231F106AB700771041 /* Info.plist */ = {isa = PBXFileReference; lastKnownFileType = text.plist.xml; path = Info.plist; sourceTree = "<group>"; };
		62D7EF3B1F141EC900771041 /* AGTMoney.h */ = {isa = PBXFileReference; fileEncoding = 4; lastKnownFileType = sourcecode.c.h; path = AGTMoney.h; sourceTree = "<group>"; };
		62D7EF3C1F141EC900771041 /* AGTMoney.m */ = {isa = PBXFileReference; fileEncoding = 4; lastKnownFileType = sourcecode.c.objc; path = AGTMoney.m; sourceTree = "<group>"; };
		62D7EF3F1F14318D00771041 /* NSObject+GNUStepAddones.h */ = {isa = PBXFileReference; fileEncoding = 4; lastKnownFileType = sourcecode.c.h; path = "NSObject+GNUStepAddones.h"; sourceTree = "<group>"; };
		62D7EF401F14318D00771041 /* NSObject+GNUStepAddones.m */ = {isa = PBXFileReference; fileEncoding = 4; lastKnownFileType = sourcecode.c.objc; path = "NSObject+GNUStepAddones.m"; sourceTree = "<group>"; };
		62D7EF421F14361400771041 /* AGTMoneyTest.m */ = {isa = PBXFileReference; fileEncoding = 4; lastKnownFileType = sourcecode.c.objc; path = AGTMoneyTest.m; sourceTree = "<group>"; };
		62D7EF461F15489F00771041 /* AGTBrokerTests.m */ = {isa = PBXFileReference; fileEncoding = 4; lastKnownFileType = sourcecode.c.objc; path = AGTBrokerTests.m; sourceTree = "<group>"; };
		62D7EF481F154BD000771041 /* AGTBroker.h */ = {isa = PBXFileReference; fileEncoding = 4; lastKnownFileType = sourcecode.c.h; path = AGTBroker.h; sourceTree = "<group>"; };
		62D7EF491F154BD000771041 /* AGTBroker.m */ = {isa = PBXFileReference; fileEncoding = 4; lastKnownFileType = sourcecode.c.objc; path = AGTBroker.m; sourceTree = "<group>"; };
		62D7EF4B1F159BD900771041 /* AGTWalletTests.m */ = {isa = PBXFileReference; fileEncoding = 4; lastKnownFileType = sourcecode.c.objc; path = AGTWalletTests.m; sourceTree = "<group>"; };
		62D7EF4D1F159E7000771041 /* AGTWallet.h */ = {isa = PBXFileReference; fileEncoding = 4; lastKnownFileType = sourcecode.c.h; path = AGTWallet.h; sourceTree = "<group>"; };
		62D7EF4E1F159E7000771041 /* AGTWallet.m */ = {isa = PBXFileReference; fileEncoding = 4; lastKnownFileType = sourcecode.c.objc; path = AGTWallet.m; sourceTree = "<group>"; };
/* End PBXFileReference section */

/* Begin PBXFrameworksBuildPhase section */
		62D7EF011F106AB600771041 /* Frameworks */ = {
			isa = PBXFrameworksBuildPhase;
			buildActionMask = 2147483647;
			files = (
			);
			runOnlyForDeploymentPostprocessing = 0;
		};
		62D7EF1A1F106AB700771041 /* Frameworks */ = {
			isa = PBXFrameworksBuildPhase;
			buildActionMask = 2147483647;
			files = (
			);
			runOnlyForDeploymentPostprocessing = 0;
		};
/* End PBXFrameworksBuildPhase section */

/* Begin PBXGroup section */
		623B811E1F15B6CE00A7498C /* Controllers */ = {
			isa = PBXGroup;
			children = (
				623B811F1F15B6FC00A7498C /* AGTSimpleViewController.h */,
				623B81201F15B6FC00A7498C /* AGTSimpleViewController.m */,
				623B81211F15B6FC00A7498C /* AGTSimpleViewController.xib */,
				623B81271F15BDD900A7498C /* AGTWalletTableViewController.h */,
				623B81281F15BDD900A7498C /* AGTWalletTableViewController.m */,
			);
			name = Controllers;
			sourceTree = "<group>";
		};
		623B81241F15B70300A7498C /* Controllers */ = {
			isa = PBXGroup;
			children = (
				623B81251F15B72D00A7498C /* AGTControllersTests.m */,
			);
			name = Controllers;
			sourceTree = "<group>";
		};
		623B812A1F15C81E00A7498C /* Singletons */ = {
			isa = PBXGroup;
			children = (
				623B812B1F15C84800A7498C /* AGTNSNtificationCenterTests.m */,
				623B812D1F15CB3C00A7498C /* AGTFakeNotificationCenter.h */,
				623B812E1F15CB3C00A7498C /* AGTFakeNotificationCenter.m */,
			);
			name = Singletons;
			sourceTree = "<group>";
		};
		62D7EEFB1F106AB600771041 = {
			isa = PBXGroup;
			children = (
				62D7EF061F106AB600771041 /* Wallet */,
				62D7EF201F106AB700771041 /* WalletTests */,
				62D7EF051F106AB600771041 /* Products */,
			);
			sourceTree = "<group>";
		};
		62D7EF051F106AB600771041 /* Products */ = {
			isa = PBXGroup;
			children = (
				62D7EF041F106AB600771041 /* Wallet.app */,
				62D7EF1D1F106AB700771041 /* WalletTests.xctest */,
			);
			name = Products;
			sourceTree = "<group>";
		};
		62D7EF061F106AB600771041 /* Wallet */ = {
			isa = PBXGroup;
			children = (
				623B811E1F15B6CE00A7498C /* Controllers */,
				62D7EF3E1F14315D00771041 /* Categories */,
				62D7EF2F1F1073A900771041 /* Models */,
				62D7EF0A1F106AB600771041 /* AppDelegate.h */,
				62D7EF0B1F106AB600771041 /* AppDelegate.m */,
				62D7EF131F106AB700771041 /* Assets.xcassets */,
				62D7EF151F106AB700771041 /* LaunchScreen.storyboard */,
				62D7EF181F106AB700771041 /* Info.plist */,
				62D7EF071F106AB600771041 /* Supporting Files */,
			);
			path = Wallet;
			sourceTree = "<group>";
		};
		62D7EF071F106AB600771041 /* Supporting Files */ = {
			isa = PBXGroup;
			children = (
				62D7EF081F106AB600771041 /* main.m */,
			);
			name = "Supporting Files";
			sourceTree = "<group>";
		};
		62D7EF201F106AB700771041 /* WalletTests */ = {
			isa = PBXGroup;
			children = (
				623B812A1F15C81E00A7498C /* Singletons */,
				623B81241F15B70300A7498C /* Controllers */,
				62D7EF2C1F106CF700771041 /* Model */,
				62D7EF231F106AB700771041 /* Info.plist */,
			);
			path = WalletTests;
			sourceTree = "<group>";
		};
		62D7EF2C1F106CF700771041 /* Model */ = {
			isa = PBXGroup;
			children = (
				62D7EF421F14361400771041 /* AGTMoneyTest.m */,
				62D7EF461F15489F00771041 /* AGTBrokerTests.m */,
				62D7EF4B1F159BD900771041 /* AGTWalletTests.m */,
			);
			name = Model;
			sourceTree = "<group>";
		};
		62D7EF2F1F1073A900771041 /* Models */ = {
			isa = PBXGroup;
			children = (
				62D7EF3B1F141EC900771041 /* AGTMoney.h */,
				62D7EF3C1F141EC900771041 /* AGTMoney.m */,
				62D7EF481F154BD000771041 /* AGTBroker.h */,
				62D7EF491F154BD000771041 /* AGTBroker.m */,
				62D7EF4D1F159E7000771041 /* AGTWallet.h */,
				62D7EF4E1F159E7000771041 /* AGTWallet.m */,
			);
			name = Models;
			sourceTree = "<group>";
		};
		62D7EF3E1F14315D00771041 /* Categories */ = {
			isa = PBXGroup;
			children = (
				62D7EF3F1F14318D00771041 /* NSObject+GNUStepAddones.h */,
				62D7EF401F14318D00771041 /* NSObject+GNUStepAddones.m */,
			);
			name = Categories;
			sourceTree = "<group>";
		};
/* End PBXGroup section */

/* Begin PBXNativeTarget section */
		62D7EF031F106AB600771041 /* Wallet */ = {
			isa = PBXNativeTarget;
			buildConfigurationList = 62D7EF261F106AB700771041 /* Build configuration list for PBXNativeTarget "Wallet" */;
			buildPhases = (
				62D7EF001F106AB600771041 /* Sources */,
				62D7EF011F106AB600771041 /* Frameworks */,
				62D7EF021F106AB600771041 /* Resources */,
			);
			buildRules = (
			);
			dependencies = (
			);
			name = Wallet;
			productName = Wallet;
			productReference = 62D7EF041F106AB600771041 /* Wallet.app */;
			productType = "com.apple.product-type.application";
		};
		62D7EF1C1F106AB700771041 /* WalletTests */ = {
			isa = PBXNativeTarget;
			buildConfigurationList = 62D7EF291F106AB700771041 /* Build configuration list for PBXNativeTarget "WalletTests" */;
			buildPhases = (
				62D7EF191F106AB700771041 /* Sources */,
				62D7EF1A1F106AB700771041 /* Frameworks */,
				62D7EF1B1F106AB700771041 /* Resources */,
			);
			buildRules = (
			);
			dependencies = (
				62D7EF1F1F106AB700771041 /* PBXTargetDependency */,
			);
			name = WalletTests;
			productName = WalletTests;
			productReference = 62D7EF1D1F106AB700771041 /* WalletTests.xctest */;
			productType = "com.apple.product-type.bundle.unit-test";
		};
/* End PBXNativeTarget section */

/* Begin PBXProject section */
		62D7EEFC1F106AB600771041 /* Project object */ = {
			isa = PBXProject;
			attributes = {
				LastUpgradeCheck = 0820;
				ORGANIZATIONNAME = "Roberto Halgravez";
				TargetAttributes = {
					62D7EF031F106AB600771041 = {
						CreatedOnToolsVersion = 8.2.1;
						ProvisioningStyle = Automatic;
					};
					62D7EF1C1F106AB700771041 = {
						CreatedOnToolsVersion = 8.2.1;
						ProvisioningStyle = Automatic;
						TestTargetID = 62D7EF031F106AB600771041;
					};
				};
			};
			buildConfigurationList = 62D7EEFF1F106AB600771041 /* Build configuration list for PBXProject "Wallet" */;
			compatibilityVersion = "Xcode 3.2";
			developmentRegion = English;
			hasScannedForEncodings = 0;
			knownRegions = (
				en,
				Base,
			);
			mainGroup = 62D7EEFB1F106AB600771041;
			productRefGroup = 62D7EF051F106AB600771041 /* Products */;
			projectDirPath = "";
			projectRoot = "";
			targets = (
				62D7EF031F106AB600771041 /* Wallet */,
				62D7EF1C1F106AB700771041 /* WalletTests */,
			);
		};
/* End PBXProject section */

/* Begin PBXResourcesBuildPhase section */
		62D7EF021F106AB600771041 /* Resources */ = {
			isa = PBXResourcesBuildPhase;
			buildActionMask = 2147483647;
			files = (
				623B81231F15B6FC00A7498C /* AGTSimpleViewController.xib in Resources */,
				62D7EF171F106AB700771041 /* LaunchScreen.storyboard in Resources */,
				62D7EF141F106AB700771041 /* Assets.xcassets in Resources */,
			);
			runOnlyForDeploymentPostprocessing = 0;
		};
		62D7EF1B1F106AB700771041 /* Resources */ = {
			isa = PBXResourcesBuildPhase;
			buildActionMask = 2147483647;
			files = (
			);
			runOnlyForDeploymentPostprocessing = 0;
		};
/* End PBXResourcesBuildPhase section */

/* Begin PBXSourcesBuildPhase section */
		62D7EF001F106AB600771041 /* Sources */ = {
			isa = PBXSourcesBuildPhase;
			buildActionMask = 2147483647;
			files = (
				62D7EF3D1F141EC900771041 /* AGTMoney.m in Sources */,
				62D7EF4A1F154BD000771041 /* AGTBroker.m in Sources */,
				62D7EF411F14318D00771041 /* NSObject+GNUStepAddones.m in Sources */,
				62D7EF4F1F159E7000771041 /* AGTWallet.m in Sources */,
				62D7EF0C1F106AB600771041 /* AppDelegate.m in Sources */,
				623B81291F15BDD900A7498C /* AGTWalletTableViewController.m in Sources */,
				62D7EF091F106AB600771041 /* main.m in Sources */,
				623B81221F15B6FC00A7498C /* AGTSimpleViewController.m in Sources */,
			);
			runOnlyForDeploymentPostprocessing = 0;
		};
		62D7EF191F106AB700771041 /* Sources */ = {
			isa = PBXSourcesBuildPhase;
			buildActionMask = 2147483647;
			files = (
				62D7EF431F14361400771041 /* AGTMoneyTest.m in Sources */,
				62D7EF471F15489F00771041 /* AGTBrokerTests.m in Sources */,
				623B812C1F15C84800A7498C /* AGTNSNtificationCenterTests.m in Sources */,
				623B812F1F15CB3C00A7498C /* AGTFakeNotificationCenter.m in Sources */,
				623B81261F15B72D00A7498C /* AGTControllersTests.m in Sources */,
				62D7EF4C1F159BD900771041 /* AGTWalletTests.m in Sources */,
			);
			runOnlyForDeploymentPostprocessing = 0;
		};
/* End PBXSourcesBuildPhase section */

/* Begin PBXTargetDependency section */
		62D7EF1F1F106AB700771041 /* PBXTargetDependency */ = {
			isa = PBXTargetDependency;
			target = 62D7EF031F106AB600771041 /* Wallet */;
			targetProxy = 62D7EF1E1F106AB700771041 /* PBXContainerItemProxy */;
		};
/* End PBXTargetDependency section */

/* Begin PBXVariantGroup section */
		62D7EF151F106AB700771041 /* LaunchScreen.storyboard */ = {
			isa = PBXVariantGroup;
			children = (
				62D7EF161F106AB700771041 /* Base */,
			);
			name = LaunchScreen.storyboard;
			sourceTree = "<group>";
		};
/* End PBXVariantGroup section */

/* Begin XCBuildConfiguration section */
		62D7EF241F106AB700771041 /* Debug */ = {
			isa = XCBuildConfiguration;
			buildSettings = {
				ALWAYS_SEARCH_USER_PATHS = NO;
				CLANG_ANALYZER_NONNULL = YES;
				CLANG_CXX_LANGUAGE_STANDARD = "gnu++0x";
				CLANG_CXX_LIBRARY = "libc++";
				CLANG_ENABLE_MODULES = YES;
				CLANG_ENABLE_OBJC_ARC = YES;
				CLANG_WARN_BOOL_CONVERSION = YES;
				CLANG_WARN_CONSTANT_CONVERSION = YES;
				CLANG_WARN_DIRECT_OBJC_ISA_USAGE = YES_ERROR;
				CLANG_WARN_DOCUMENTATION_COMMENTS = YES;
				CLANG_WARN_EMPTY_BODY = YES;
				CLANG_WARN_ENUM_CONVERSION = YES;
				CLANG_WARN_INFINITE_RECURSION = YES;
				CLANG_WARN_INT_CONVERSION = YES;
				CLANG_WARN_OBJC_ROOT_CLASS = YES_ERROR;
				CLANG_WARN_SUSPICIOUS_MOVE = YES;
				CLANG_WARN_UNREACHABLE_CODE = YES;
				CLANG_WARN__DUPLICATE_METHOD_MATCH = YES;
				"CODE_SIGN_IDENTITY[sdk=iphoneos*]" = "iPhone Developer";
				COPY_PHASE_STRIP = NO;
				DEBUG_INFORMATION_FORMAT = dwarf;
				ENABLE_STRICT_OBJC_MSGSEND = YES;
				ENABLE_TESTABILITY = YES;
				GCC_C_LANGUAGE_STANDARD = gnu99;
				GCC_DYNAMIC_NO_PIC = NO;
				GCC_NO_COMMON_BLOCKS = YES;
				GCC_OPTIMIZATION_LEVEL = 0;
				GCC_PREPROCESSOR_DEFINITIONS = (
					"DEBUG=1",
					"$(inherited)",
				);
				GCC_WARN_64_TO_32_BIT_CONVERSION = YES;
				GCC_WARN_ABOUT_RETURN_TYPE = YES_ERROR;
				GCC_WARN_UNDECLARED_SELECTOR = YES;
				GCC_WARN_UNINITIALIZED_AUTOS = YES_AGGRESSIVE;
				GCC_WARN_UNUSED_FUNCTION = YES;
				GCC_WARN_UNUSED_VARIABLE = YES;
				IPHONEOS_DEPLOYMENT_TARGET = 10.2;
				MTL_ENABLE_DEBUG_INFO = YES;
				ONLY_ACTIVE_ARCH = YES;
				SDKROOT = iphoneos;
			};
			name = Debug;
		};
		62D7EF251F106AB700771041 /* Release */ = {
			isa = XCBuildConfiguration;
			buildSettings = {
				ALWAYS_SEARCH_USER_PATHS = NO;
				CLANG_ANALYZER_NONNULL = YES;
				CLANG_CXX_LANGUAGE_STANDARD = "gnu++0x";
				CLANG_CXX_LIBRARY = "libc++";
				CLANG_ENABLE_MODULES = YES;
				CLANG_ENABLE_OBJC_ARC = YES;
				CLANG_WARN_BOOL_CONVERSION = YES;
				CLANG_WARN_CONSTANT_CONVERSION = YES;
				CLANG_WARN_DIRECT_OBJC_ISA_USAGE = YES_ERROR;
				CLANG_WARN_DOCUMENTATION_COMMENTS = YES;
				CLANG_WARN_EMPTY_BODY = YES;
				CLANG_WARN_ENUM_CONVERSION = YES;
				CLANG_WARN_INFINITE_RECURSION = YES;
				CLANG_WARN_INT_CONVERSION = YES;
				CLANG_WARN_OBJC_ROOT_CLASS = YES_ERROR;
				CLANG_WARN_SUSPICIOUS_MOVE = YES;
				CLANG_WARN_UNREACHABLE_CODE = YES;
				CLANG_WARN__DUPLICATE_METHOD_MATCH = YES;
				"CODE_SIGN_IDENTITY[sdk=iphoneos*]" = "iPhone Developer";
				COPY_PHASE_STRIP = NO;
				DEBUG_INFORMATION_FORMAT = "dwarf-with-dsym";
				ENABLE_NS_ASSERTIONS = NO;
				ENABLE_STRICT_OBJC_MSGSEND = YES;
				GCC_C_LANGUAGE_STANDARD = gnu99;
				GCC_NO_COMMON_BLOCKS = YES;
				GCC_WARN_64_TO_32_BIT_CONVERSION = YES;
				GCC_WARN_ABOUT_RETURN_TYPE = YES_ERROR;
				GCC_WARN_UNDECLARED_SELECTOR = YES;
				GCC_WARN_UNINITIALIZED_AUTOS = YES_AGGRESSIVE;
				GCC_WARN_UNUSED_FUNCTION = YES;
				GCC_WARN_UNUSED_VARIABLE = YES;
				IPHONEOS_DEPLOYMENT_TARGET = 10.2;
				MTL_ENABLE_DEBUG_INFO = NO;
				SDKROOT = iphoneos;
				VALIDATE_PRODUCT = YES;
			};
			name = Release;
		};
		62D7EF271F106AB700771041 /* Debug */ = {
			isa = XCBuildConfiguration;
			buildSettings = {
				ASSETCATALOG_COMPILER_APPICON_NAME = AppIcon;
				INFOPLIST_FILE = Wallet/Info.plist;
				LD_RUNPATH_SEARCH_PATHS = "$(inherited) @executable_path/Frameworks";
				PRODUCT_BUNDLE_IDENTIFIER = keepcoding.rhalgravez.Wallet;
				PRODUCT_NAME = "$(TARGET_NAME)";
			};
			name = Debug;
		};
		62D7EF281F106AB700771041 /* Release */ = {
			isa = XCBuildConfiguration;
			buildSettings = {
				ASSETCATALOG_COMPILER_APPICON_NAME = AppIcon;
				INFOPLIST_FILE = Wallet/Info.plist;
				LD_RUNPATH_SEARCH_PATHS = "$(inherited) @executable_path/Frameworks";
				PRODUCT_BUNDLE_IDENTIFIER = keepcoding.rhalgravez.Wallet;
				PRODUCT_NAME = "$(TARGET_NAME)";
			};
			name = Release;
		};
		62D7EF2A1F106AB700771041 /* Debug */ = {
			isa = XCBuildConfiguration;
			buildSettings = {
				BUNDLE_LOADER = "$(TEST_HOST)";
				INFOPLIST_FILE = WalletTests/Info.plist;
				LD_RUNPATH_SEARCH_PATHS = "$(inherited) @executable_path/Frameworks @loader_path/Frameworks";
				PRODUCT_BUNDLE_IDENTIFIER = keepcoding.rhalgravez.WalletTests;
				PRODUCT_NAME = "$(TARGET_NAME)";
				TEST_HOST = "$(BUILT_PRODUCTS_DIR)/Wallet.app/Wallet";
			};
			name = Debug;
		};
		62D7EF2B1F106AB700771041 /* Release */ = {
			isa = XCBuildConfiguration;
			buildSettings = {
				BUNDLE_LOADER = "$(TEST_HOST)";
				INFOPLIST_FILE = WalletTests/Info.plist;
				LD_RUNPATH_SEARCH_PATHS = "$(inherited) @executable_path/Frameworks @loader_path/Frameworks";
				PRODUCT_BUNDLE_IDENTIFIER = keepcoding.rhalgravez.WalletTests;
				PRODUCT_NAME = "$(TARGET_NAME)";
				TEST_HOST = "$(BUILT_PRODUCTS_DIR)/Wallet.app/Wallet";
			};
			name = Release;
		};
/* End XCBuildConfiguration section */

/* Begin XCConfigurationList section */
		62D7EEFF1F106AB600771041 /* Build configuration list for PBXProject "Wallet" */ = {
			isa = XCConfigurationList;
			buildConfigurations = (
				62D7EF241F106AB700771041 /* Debug */,
				62D7EF251F106AB700771041 /* Release */,
			);
			defaultConfigurationIsVisible = 0;
			defaultConfigurationName = Release;
		};
		62D7EF261F106AB700771041 /* Build configuration list for PBXNativeTarget "Wallet" */ = {
			isa = XCConfigurationList;
			buildConfigurations = (
				62D7EF271F106AB700771041 /* Debug */,
				62D7EF281F106AB700771041 /* Release */,
			);
			defaultConfigurationIsVisible = 0;
			defaultConfigurationName = Release;
		};
		62D7EF291F106AB700771041 /* Build configuration list for PBXNativeTarget "WalletTests" */ = {
			isa = XCConfigurationList;
			buildConfigurations = (
				62D7EF2A1F106AB700771041 /* Debug */,
				62D7EF2B1F106AB700771041 /* Release */,
			);
			defaultConfigurationIsVisible = 0;
			defaultConfigurationName = Release;
		};
/* End XCConfigurationList section */
	};
	rootObject = 62D7EEFC1F106AB600771041 /* Project object */;
}
